{
  "name": "@s-cli/init",
  "version": "1.0.0",
  "lockfileVersion": 2,
  "requires": true,
  "packages": {
    "": {
      "name": "@s-cli/init",
      "version": "1.0.0",
      "license": "ISC",
      "dependencies": {
        "@s-cli/command": "file:../../models/command",
        "@s-cli/log": "file:../../utils/log"
      }
    },
    "../../models/command": {
      "name": "@s-cli/command",
      "version": "1.0.0",
      "license": "ISC",
      "dependencies": {
        "@s-cli/log": "file:../../utils/log",
        "colors": "^1.4.0",
        "semver": "^7.3.5"
      }
    },
    "../../models/package": {
      "name": "@s-cli/package",
      "version": "1.0.0",
      "extraneous": true,
      "license": "ISC",
      "dependencies": {
        "@s-cli/format-path": "file:../../utils/format-path",
        "@s-cli/get-npm-info": "file:../../utils/get-npm-info",
        "@s-cli/utils": "file:../../utils/utils",
        "fs-extra": "^10.0.0",
        "npminstall": "^5.3.1",
        "path-exists": "^5.0.0",
        "pkg-dir": "^5.0.0"
      }
    },
    "../../utils/log": {
      "version": "1.0.5",
      "license": "ISC",
      "dependencies": {
        "npmlog": "^5.0.1"
      }
    },
    "node_modules/@s-cli/command": {
      "resolved": "../../models/command",
      "link": true
    },
    "node_modules/@s-cli/log": {
      "resolved": "../../utils/log",
      "link": true
    }
  },
  "dependencies": {
    "@s-cli/command": {
      "version": "file:../../models/command",
      "requires": {
        "@s-cli/log": "file:../../utils/log",
        "colors": "^1.4.0",
        "semver": "^7.3.5"
      }
    },
    "@s-cli/log": {
      "version": "file:../../utils/log",
      "requires": {
        "npmlog": "^5.0.1"
      }
    }
  }
}
